
Microsoft Visual Studio Solution File, Format Version 12.00
# Visual Studio 15
VisualStudioVersion = 15.0.26430.14
MinimumVisualStudioVersion = 10.0.40219.1
Project("{FAE04EC0-301F-11D3-BF4B-00C04F79EFBC}") = "RimSearch", "RimSearch\RimSearch.csproj", "{C97BC30D-42CA-4D69-96BE-3E1AECC73E59}"
EndProject
Global
	GlobalSection(SolutionConfigurationPlatforms) = preSolution
		Debug|Any CPU = Debug|Any CPU
		Release|Any CPU = Release|Any CPU
	EndGlobalSection
	GlobalSection(ProjectConfigurationPlatforms) = postSolution
		{C97BC30D-42CA-4D69-96BE-3E1AECC73E59}.Debug|Any CPU.ActiveCfg = Debug|Any CPU
		{C97BC30D-42CA-4D69-96BE-3E1AECC73E59}.Debug|Any CPU.Build.0 = Debug|Any CPU
		{C97BC30D-42CA-4D69-96BE-3E1AECC73E59}.Release|Any CPU.ActiveCfg = Release|Any CPU
		{C97BC30D-42CA-4D69-96BE-3E1AECC73E59}.Release|Any CPU.Build.0 = Release|Any CPU
	EndGlobalSection
	GlobalSection(SolutionProperties) = preSolution
		HideSolutionNode = FALSE
	EndGlobalSection
EndGlobal
